github.com/Enderstyles/mypackage v0.0.0-20230205155345-de901ace2feb h1:Oq1JXXP+DGOJk8TqqnaINPTXJnJ3oa1klTfQDWvatQI=
github.com/Enderstyles/mypackage v0.0.0-20230205155345-de901ace2feb/go.mod h1:MJeCMFHYNBrZzxFi42ToqZ1YFlNSVjQLXcN7QWQCpyg=
github.com/Enderstyles/mypackage v0.0.0-20230205161548-bb90e2eed997 h1:RYBc/eLsKEECJgrkQgBHIE3kN4GUFhKLvQJTx1n5FKc=
github.com/Enderstyles/mypackage v0.0.0-20230205161548-bb90e2eed997/go.mod h1:MJeCMFHYNBrZzxFi42ToqZ1YFlNSVjQLXcN7QWQCpyg=
